// !$*UTF8*$!
{
	archiveVersion = 1;
	classes = {
	};
	objectVersion = 46;
	objects = {

/* Begin PBXBuildFile section */
		FBA583321EF0FA92004B2773 /* main.m in Sources */ = {isa = PBXBuildFile; fileRef = FBA583311EF0FA92004B2773 /* main.m */; };
		FBA583351EF0FA92004B2773 /* AppDelegate.m in Sources */ = {isa = PBXBuildFile; fileRef = FBA583341EF0FA92004B2773 /* AppDelegate.m */; };
		FBA583381EF0FA92004B2773 /* ViewController.m in Sources */ = {isa = PBXBuildFile; fileRef = FBA583371EF0FA92004B2773 /* ViewController.m */; };
		FBA5833B1EF0FA92004B2773 /* Main.storyboard in Resources */ = {isa = PBXBuildFile; fileRef = FBA583391EF0FA92004B2773 /* Main.storyboard */; };
		FBA5833D1EF0FA92004B2773 /* Assets.xcassets in Resources */ = {isa = PBXBuildFile; fileRef = FBA5833C1EF0FA92004B2773 /* Assets.xcassets */; };
		FBA583401EF0FA92004B2773 /* LaunchScreen.storyboard in Resources */ = {isa = PBXBuildFile; fileRef = FBA5833E1EF0FA92004B2773 /* LaunchScreen.storyboard */; };
		FBA583491EF0FADF004B2773 /* BaseHeadphones.m in Sources */ = {isa = PBXBuildFile; fileRef = FBA583481EF0FADF004B2773 /* BaseHeadphones.m */; };
		FBA5834D1EF0FB51004B2773 /* CheapHeadphones.m in Sources */ = {isa = PBXBuildFile; fileRef = FBA5834C1EF0FB51004B2773 /* CheapHeadphones.m */; };
		FBA583501EF0FB86004B2773 /* ExpensiveHeadphones.m in Sources */ = {isa = PBXBuildFile; fileRef = FBA5834F1EF0FB86004B2773 /* ExpensiveHeadphones.m */; };
		FBA583531EF0FBC8004B2773 /* MusicPlayer.m in Sources */ = {isa = PBXBuildFile; fileRef = FBA583521EF0FBC8004B2773 /* MusicPlayer.m */; };
/* End PBXBuildFile section */

/* Begin PBXFileReference section */
		FBA5832D1EF0FA92004B2773 /* Bridge.app */ = {isa = PBXFileReference; explicitFileType = wrapper.application; includeInIndex = 0; path = Bridge.app; sourceTree = BUILT_PRODUCTS_DIR; };
		FBA583311EF0FA92004B2773 /* main.m */ = {isa = PBXFileReference; lastKnownFileType = sourcecode.c.objc; path = main.m; sourceTree = "<group>"; };
		FBA583331EF0FA92004B2773 /* AppDelegate.h */ = {isa = PBXFileReference; lastKnownFileType = sourcecode.c.h; path = AppDelegate.h; sourceTree = "<group>"; };
		FBA583341EF0FA92004B2773 /* AppDelegate.m */ = {isa = PBXFileReference; lastKnownFileType = sourcecode.c.objc; path = AppDelegate.m; sourceTree = "<group>"; };
		FBA583361EF0FA92004B2773 /* ViewController.h */ = {isa = PBXFileReference; lastKnownFileType = sourcecode.c.h; path = ViewController.h; sourceTree = "<group>"; };
		FBA583371EF0FA92004B2773 /* ViewController.m */ = {isa = PBXFileReference; lastKnownFileType = sourcecode.c.objc; path = ViewController.m; sourceTree = "<group>"; };
		FBA5833A1EF0FA92004B2773 /* Base */ = {isa = PBXFileReference; lastKnownFileType = file.storyboard; name = Base; path = Base.lproj/Main.storyboard; sourceTree = "<group>"; };
		FBA5833C1EF0FA92004B2773 /* Assets.xcassets */ = {isa = PBXFileReference; lastKnownFileType = folder.assetcatalog; path = Assets.xcassets; sourceTree = "<group>"; };
		FBA5833F1EF0FA92004B2773 /* Base */ = {isa = PBXFileReference; lastKnownFileType = file.storyboard; name = Base; path = Base.lproj/LaunchScreen.storyboard; sourceTree = "<group>"; };
		FBA583411EF0FA92004B2773 /* Info.plist */ = {isa = PBXFileReference; lastKnownFileType = text.plist.xml; path = Info.plist; sourceTree = "<group>"; };
		FBA583471EF0FADF004B2773 /* BaseHeadphones.h */ = {isa = PBXFileReference; fileEncoding = 4; lastKnownFileType = sourcecode.c.h; path = BaseHeadphones.h; sourceTree = "<group>"; };
		FBA583481EF0FADF004B2773 /* BaseHeadphones.m */ = {isa = PBXFileReference; fileEncoding = 4; lastKnownFileType = sourcecode.c.objc; path = BaseHeadphones.m; sourceTree = "<group>"; };
		FBA5834B1EF0FB51004B2773 /* CheapHeadphones.h */ = {isa = PBXFileReference; fileEncoding = 4; lastKnownFileType = sourcecode.c.h; path = CheapHeadphones.h; sourceTree = "<group>"; };
		FBA5834C1EF0FB51004B2773 /* CheapHeadphones.m */ = {isa = PBXFileReference; fileEncoding = 4; lastKnownFileType = sourcecode.c.objc; path = CheapHeadphones.m; sourceTree = "<group>"; };
		FBA5834E1EF0FB86004B2773 /* ExpensiveHeadphones.h */ = {isa = PBXFileReference; fileEncoding = 4; lastKnownFileType = sourcecode.c.h; path = ExpensiveHeadphones.h; sourceTree = "<group>"; };
		FBA5834F1EF0FB86004B2773 /* ExpensiveHeadphones.m */ = {isa = PBXFileReference; fileEncoding = 4; lastKnownFileType = sourcecode.c.objc; path = ExpensiveHeadphones.m; sourceTree = "<group>"; };
		FBA583511EF0FBC8004B2773 /* MusicPlayer.h */ = {isa = PBXFileReference; fileEncoding = 4; lastKnownFileType = sourcecode.c.h; path = MusicPlayer.h; sourceTree = "<group>"; };
		FBA583521EF0FBC8004B2773 /* MusicPlayer.m */ = {isa = PBXFileReference; fileEncoding = 4; lastKnownFileType = sourcecode.c.objc; path = MusicPlayer.m; sourceTree = "<group>"; };
/* End PBXFileReference section */

/* Begin PBXFrameworksBuildPhase section */
		FBA5832A1EF0FA92004B2773 /* Frameworks */ = {
			isa = PBXFrameworksBuildPhase;
			buildActionMask = 2147483647;
			files = (
			);
			runOnlyForDeploymentPostprocessing = 0;
		};
/* End PBXFrameworksBuildPhase section */

/* Begin PBXGroup section */
		FBA583241EF0FA92004B2773 = {
			isa = PBXGroup;
			children = (
				FBA5832F1EF0FA92004B2773 /* Bridge */,
				FBA5832E1EF0FA92004B2773 /* Products */,
			);
			sourceTree = "<group>";
		};
		FBA5832E1EF0FA92004B2773 /* Products */ = {
			isa = PBXGroup;
			children = (
				FBA5832D1EF0FA92004B2773 /* Bridge.app */,
			);
			name = Products;
			sourceTree = "<group>";
		};
		FBA5832F1EF0FA92004B2773 /* Bridge */ = {
			isa = PBXGroup;
			children = (
				FBA5834A1EF0FAE8004B2773 /* Pattern */,
				FBA583331EF0FA92004B2773 /* AppDelegate.h */,
				FBA583341EF0FA92004B2773 /* AppDelegate.m */,
				FBA583361EF0FA92004B2773 /* ViewController.h */,
				FBA583371EF0FA92004B2773 /* ViewController.m */,
				FBA583391EF0FA92004B2773 /* Main.storyboard */,
				FBA5833C1EF0FA92004B2773 /* Assets.xcassets */,
				FBA5833E1EF0FA92004B2773 /* LaunchScreen.storyboard */,
				FBA583411EF0FA92004B2773 /* Info.plist */,
				FBA583301EF0FA92004B2773 /* Supporting Files */,
			);
			path = Bridge;
			sourceTree = "<group>";
		};
		FBA583301EF0FA92004B2773 /* Supporting Files */ = {
			isa = PBXGroup;
			children = (
				FBA583311EF0FA92004B2773 /* main.m */,
			);
			name = "Supporting Files";
			sourceTree = "<group>";
		};
		FBA5834A1EF0FAE8004B2773 /* Pattern */ = {
			isa = PBXGroup;
			children = (
				FBA583471EF0FADF004B2773 /* BaseHeadphones.h */,
				FBA583481EF0FADF004B2773 /* BaseHeadphones.m */,
				FBA5834B1EF0FB51004B2773 /* CheapHeadphones.h */,
				FBA5834C1EF0FB51004B2773 /* CheapHeadphones.m */,
				FBA5834E1EF0FB86004B2773 /* ExpensiveHeadphones.h */,
				FBA5834F1EF0FB86004B2773 /* ExpensiveHeadphones.m */,
				FBA583511EF0FBC8004B2773 /* MusicPlayer.h */,
				FBA583521EF0FBC8004B2773 /* MusicPlayer.m */,
			);
			name = Pattern;
			sourceTree = "<group>";
		};
/* End PBXGroup section */

/* Begin PBXNativeTarget section */
		FBA5832C1EF0FA92004B2773 /* Bridge */ = {
			isa = PBXNativeTarget;
			buildConfigurationList = FBA583441EF0FA92004B2773 /* Build configuration list for PBXNativeTarget "Bridge" */;
			buildPhases = (
				FBA583291EF0FA92004B2773 /* Sources */,
				FBA5832A1EF0FA92004B2773 /* Frameworks */,
				FBA5832B1EF0FA92004B2773 /* Resources */,
			);
			buildRules = (
			);
			dependencies = (
			);
			name = Bridge;
			productName = Bridge;
			productReference = FBA5832D1EF0FA92004B2773 /* Bridge.app */;
			productType = "com.apple.product-type.application";
		};
/* End PBXNativeTarget section */

/* Begin PBXProject section */
		FBA583251EF0FA92004B2773 /* Project object */ = {
			isa = PBXProject;
			attributes = {
				LastUpgradeCheck = 0820;
				ORGANIZATIONNAME = "Vasilii Burenkov";
				TargetAttributes = {
					FBA5832C1EF0FA92004B2773 = {
						CreatedOnToolsVersion = 8.2;
						ProvisioningStyle = Automatic;
					};
				};
			};
			buildConfigurationList = FBA583281EF0FA92004B2773 /* Build configuration list for PBXProject "Bridge" */;
			compatibilityVersion = "Xcode 3.2";
			developmentRegion = English;
			hasScannedForEncodings = 0;
			knownRegions = (
				en,
				Base,
			);
			mainGroup = FBA583241EF0FA92004B2773;
			productRefGroup = FBA5832E1EF0FA92004B2773 /* Products */;
			projectDirPath = "";
			projectRoot = "";
			targets = (
				FBA5832C1EF0FA92004B2773 /* Bridge */,
			);
		};
/* End PBXProject section */

/* Begin PBXResourcesBuildPhase section */
		FBA5832B1EF0FA92004B2773 /* Resources */ = {
			isa = PBXResourcesBuildPhase;
			buildActionMask = 2147483647;
			files = (
				FBA583401EF0FA92004B2773 /* LaunchScreen.storyboard in Resources */,
				FBA5833D1EF0FA92004B2773 /* Assets.xcassets in Resources */,
				FBA5833B1EF0FA92004B2773 /* Main.storyboard in Resources */,
			);
			runOnlyForDeploymentPostprocessing = 0;
		};
/* End PBXResourcesBuildPhase section */

/* Begin PBXSourcesBuildPhase section */
		FBA583291EF0FA92004B2773 /* Sources */ = {
			isa = PBXSourcesBuildPhase;
			buildActionMask = 2147483647;
			files = (
				FBA583501EF0FB86004B2773 /* ExpensiveHeadphones.m in Sources */,
				FBA583381EF0FA92004B2773 /* ViewController.m in Sources */,
				FBA5834D1EF0FB51004B2773 /* CheapHeadphones.m in Sources */,
				FBA583491EF0FADF004B2773 /* BaseHeadphones.m in Sources */,
				FBA583351EF0FA92004B2773 /* AppDelegate.m in Sources */,
				FBA583321EF0FA92004B2773 /* main.m in Sources */,
				FBA583531EF0FBC8004B2773 /* MusicPlayer.m in Sources */,
			);
			runOnlyForDeploymentPostprocessing = 0;
		};
/* End PBXSourcesBuildPhase section */

/* Begin PBXVariantGroup section */
		FBA583391EF0FA92004B2773 /* Main.storyboard */ = {
			isa = PBXVariantGroup;
			children = (
				FBA5833A1EF0FA92004B2773 /* Base */,
			);
			name = Main.storyboard;
			sourceTree = "<group>";
		};
		FBA5833E1EF0FA92004B2773 /* LaunchScreen.storyboard */ = {
			isa = PBXVariantGroup;
			children = (
				FBA5833F1EF0FA92004B2773 /* Base */,
			);
			name = LaunchScreen.storyboard;
			sourceTree = "<group>";
		};
/* End PBXVariantGroup section */

/* Begin XCBuildConfiguration section */
		FBA583421EF0FA92004B2773 /* Debug */ = {
			isa = XCBuildConfiguration;
			buildSettings = {
				ALWAYS_SEARCH_USER_PATHS = NO;
				CLANG_ANALYZER_NONNULL = YES;
				CLANG_CXX_LANGUAGE_STANDARD = "gnu++0x";
				CLANG_CXX_LIBRARY = "libc++";
				CLANG_ENABLE_MODULES = YES;
				CLANG_ENABLE_OBJC_ARC = YES;
				CLANG_WARN_BOOL_CONVERSION = YES;
				CLANG_WARN_CONSTANT_CONVERSION = YES;
				CLANG_WARN_DIRECT_OBJC_ISA_USAGE = YES_ERROR;
				CLANG_WARN_DOCUMENTATION_COMMENTS = YES;
				CLANG_WARN_EMPTY_BODY = YES;
				CLANG_WARN_ENUM_CONVERSION = YES;
				CLANG_WARN_INFINITE_RECURSION = YES;
				CLANG_WARN_INT_CONVERSION = YES;
				CLANG_WARN_OBJC_ROOT_CLASS = YES_ERROR;
				CLANG_WARN_SUSPICIOUS_MOVE = YES;
				CLANG_WARN_UNREACHABLE_CODE = YES;
				CLANG_WARN__DUPLICATE_METHOD_MATCH = YES;
				"CODE_SIGN_IDENTITY[sdk=iphoneos*]" = "iPhone Developer";
				COPY_PHASE_STRIP = NO;
				DEBUG_INFORMATION_FORMAT = dwarf;
				ENABLE_STRICT_OBJC_MSGSEND = YES;
				ENABLE_TESTABILITY = YES;
				GCC_C_LANGUAGE_STANDARD = gnu99;
				GCC_DYNAMIC_NO_PIC = NO;
				GCC_NO_COMMON_BLOCKS = YES;
				GCC_OPTIMIZATION_LEVEL = 0;
				GCC_PREPROCESSOR_DEFINITIONS = (
					"DEBUG=1",
					"$(inherited)",
				);
				GCC_WARN_64_TO_32_BIT_CONVERSION = YES;
				GCC_WARN_ABOUT_RETURN_TYPE = YES_ERROR;
				GCC_WARN_UNDECLARED_SELECTOR = YES;
				GCC_WARN_UNINITIALIZED_AUTOS = YES_AGGRESSIVE;
				GCC_WARN_UNUSED_FUNCTION = YES;
				GCC_WARN_UNUSED_VARIABLE = YES;
				IPHONEOS_DEPLOYMENT_TARGET = 10.2;
				MTL_ENABLE_DEBUG_INFO = YES;
				ONLY_ACTIVE_ARCH = YES;
				SDKROOT = iphoneos;
				TARGETED_DEVICE_FAMILY = "1,2";
			};
			name = Debug;
		};
		FBA583431EF0FA92004B2773 /* Release */ = {
			isa = XCBuildConfiguration;
			buildSettings = {
				ALWAYS_SEARCH_USER_PATHS = NO;
				CLANG_ANALYZER_NONNULL = YES;
				CLANG_CXX_LANGUAGE_STANDARD = "gnu++0x";
				CLANG_CXX_LIBRARY = "libc++";
				CLANG_ENABLE_MODULES = YES;
				CLANG_ENABLE_OBJC_ARC = YES;
				CLANG_WARN_BOOL_CONVERSION = YES;
				CLANG_WARN_CONSTANT_CONVERSION = YES;
				CLANG_WARN_DIRECT_OBJC_ISA_USAGE = YES_ERROR;
				CLANG_WARN_DOCUMENTATION_COMMENTS = YES;
				CLANG_WARN_EMPTY_BODY = YES;
				CLANG_WARN_ENUM_CONVERSION = YES;
				CLANG_WARN_INFINITE_RECURSION = YES;
				CLANG_WARN_INT_CONVERSION = YES;
				CLANG_WARN_OBJC_ROOT_CLASS = YES_ERROR;
				CLANG_WARN_SUSPICIOUS_MOVE = YES;
				CLANG_WARN_UNREACHABLE_CODE = YES;
				CLANG_WARN__DUPLICATE_METHOD_MATCH = YES;
				"CODE_SIGN_IDENTITY[sdk=iphoneos*]" = "iPhone Developer";
				COPY_PHASE_STRIP = NO;
				DEBUG_INFORMATION_FORMAT = "dwarf-with-dsym";
				ENABLE_NS_ASSERTIONS = NO;
				ENABLE_STRICT_OBJC_MSGSEND = YES;
				GCC_C_LANGUAGE_STANDARD = gnu99;
				GCC_NO_COMMON_BLOCKS = YES;
				GCC_WARN_64_TO_32_BIT_CONVERSION = YES;
				GCC_WARN_ABOUT_RETURN_TYPE = YES_ERROR;
				GCC_WARN_UNDECLARED_SELECTOR = YES;
				GCC_WARN_UNINITIALIZED_AUTOS = YES_AGGRESSIVE;
				GCC_WARN_UNUSED_FUNCTION = YES;
				GCC_WARN_UNUSED_VARIABLE = YES;
				IPHONEOS_DEPLOYMENT_TARGET = 10.2;
				MTL_ENABLE_DEBUG_INFO = NO;
				SDKROOT = iphoneos;
				TARGETED_DEVICE_FAMILY = "1,2";
				VALIDATE_PRODUCT = YES;
			};
			name = Release;
		};
		FBA583451EF0FA92004B2773 /* Debug */ = {
			isa = XCBuildConfiguration;
			buildSettings = {
				ASSETCATALOG_COMPILER_APPICON_NAME = AppIcon;
				INFOPLIST_FILE = Bridge/Info.plist;
				LD_RUNPATH_SEARCH_PATHS = "$(inherited) @executable_path/Frameworks";
				PRODUCT_BUNDLE_IDENTIFIER = com.burenkov.Bridge;
				PRODUCT_NAME = "$(TARGET_NAME)";
			};
			name = Debug;
		};
		FBA583461EF0FA92004B2773 /* Release */ = {
			isa = XCBuildConfiguration;
			buildSettings = {
				ASSETCATALOG_COMPILER_APPICON_NAME = AppIcon;
				INFOPLIST_FILE = Bridge/Info.plist;
				LD_RUNPATH_SEARCH_PATHS = "$(inherited) @executable_path/Frameworks";
				PRODUCT_BUNDLE_IDENTIFIER = com.burenkov.Bridge;
				PRODUCT_NAME = "$(TARGET_NAME)";
			};
			name = Release;
		};
/* End XCBuildConfiguration section */

/* Begin XCConfigurationList section */
		FBA583281EF0FA92004B2773 /* Build configuration list for PBXProject "Bridge" */ = {
			isa = XCConfigurationList;
			buildConfigurations = (
				FBA583421EF0FA92004B2773 /* Debug */,
				FBA583431EF0FA92004B2773 /* Release */,
			);
			defaultConfigurationIsVisible = 0;
			defaultConfigurationName = Release;
		};
		FBA583441EF0FA92004B2773 /* Build configuration list for PBXNativeTarget "Bridge" */ = {
			isa = XCConfigurationList;
			buildConfigurations = (
				FBA583451EF0FA92004B2773 /* Debug */,
				FBA583461EF0FA92004B2773 /* Release */,
			);
			defaultConfigurationIsVisible = 0;
		};
/* End XCConfigurationList section */
	};
	rootObject = FBA583251EF0FA92004B2773 /* Project object */;
}
